
Microsoft Visual Studio Solution File, Format Version 12.00
# Visual Studio Version 16
VisualStudioVersion = 16.0.29519.87
MinimumVisualStudioVersion = 10.0.40219.1
Project("{FAE04EC0-301F-11D3-BF4B-00C04F79EFBC}") = "Consumidor", "Consumidor\Consumidor.csproj", "{5C198459-EA01-443E-B164-FA2149824BCE}"
EndProject
Global
	GlobalSection(SolutionConfigurationPlatforms) = preSolution
		Debug|Any CPU = Debug|Any CPU
		Release|Any CPU = Release|Any CPU
	EndGlobalSection
	GlobalSection(ProjectConfigurationPlatforms) = postSolution
		{5C198459-EA01-443E-B164-FA2149824BCE}.Debug|Any CPU.ActiveCfg = Debug|Any CPU
		{5C198459-EA01-443E-B164-FA2149824BCE}.Debug|Any CPU.Build.0 = Debug|Any CPU
		{5C198459-EA01-443E-B164-FA2149824BCE}.Release|Any CPU.ActiveCfg = Release|Any CPU
		{5C198459-EA01-443E-B164-FA2149824BCE}.Release|Any CPU.Build.0 = Release|Any CPU
	EndGlobalSection
	GlobalSection(SolutionProperties) = preSolution
		HideSolutionNode = FALSE
	EndGlobalSection
	GlobalSection(ExtensibilityGlobals) = postSolution
		SolutionGuid = {8C794266-8FED-4CA1-A306-94B435CD59B1}
	EndGlobalSection
EndGlobal
